// !$*UTF8*$!
{
	archiveVersion = 1;
	classes = {
	};
	objectVersion = 50;
	objects = {

/* Begin PBXBuildFile section */
		57F237C621C1EDFF00858C47 /* AppDelegate.m in Sources */ = {isa = PBXBuildFile; fileRef = 57F237C521C1EDFF00858C47 /* AppDelegate.m */; };
		57F237C921C1EDFF00858C47 /* ViewController.m in Sources */ = {isa = PBXBuildFile; fileRef = 57F237C821C1EDFF00858C47 /* ViewController.m */; };
		57F237CC21C1EDFF00858C47 /* Main.storyboard in Resources */ = {isa = PBXBuildFile; fileRef = 57F237CA21C1EDFF00858C47 /* Main.storyboard */; };
		57F237CE21C1EE0100858C47 /* Assets.xcassets in Resources */ = {isa = PBXBuildFile; fileRef = 57F237CD21C1EE0100858C47 /* Assets.xcassets */; };
		57F237D121C1EE0100858C47 /* LaunchScreen.storyboard in Resources */ = {isa = PBXBuildFile; fileRef = 57F237CF21C1EE0100858C47 /* LaunchScreen.storyboard */; };
		57F237D421C1EE0100858C47 /* main.m in Sources */ = {isa = PBXBuildFile; fileRef = 57F237D321C1EE0100858C47 /* main.m */; };
/* End PBXBuildFile section */

/* Begin PBXFileReference section */
		57F237C121C1EDFF00858C47 /* H5App.app */ = {isa = PBXFileReference; explicitFileType = wrapper.application; includeInIndex = 0; path = H5App.app; sourceTree = BUILT_PRODUCTS_DIR; };
		57F237C421C1EDFF00858C47 /* AppDelegate.h */ = {isa = PBXFileReference; lastKnownFileType = sourcecode.c.h; path = AppDelegate.h; sourceTree = "<group>"; };
		57F237C521C1EDFF00858C47 /* AppDelegate.m */ = {isa = PBXFileReference; lastKnownFileType = sourcecode.c.objc; path = AppDelegate.m; sourceTree = "<group>"; };
		57F237C721C1EDFF00858C47 /* ViewController.h */ = {isa = PBXFileReference; lastKnownFileType = sourcecode.c.h; path = ViewController.h; sourceTree = "<group>"; };
		57F237C821C1EDFF00858C47 /* ViewController.m */ = {isa = PBXFileReference; lastKnownFileType = sourcecode.c.objc; path = ViewController.m; sourceTree = "<group>"; };
		57F237CB21C1EDFF00858C47 /* Base */ = {isa = PBXFileReference; lastKnownFileType = file.storyboard; name = Base; path = Base.lproj/Main.storyboard; sourceTree = "<group>"; };
		57F237CD21C1EE0100858C47 /* Assets.xcassets */ = {isa = PBXFileReference; lastKnownFileType = folder.assetcatalog; path = Assets.xcassets; sourceTree = "<group>"; };
		57F237D021C1EE0100858C47 /* Base */ = {isa = PBXFileReference; lastKnownFileType = file.storyboard; name = Base; path = Base.lproj/LaunchScreen.storyboard; sourceTree = "<group>"; };
		57F237D221C1EE0100858C47 /* Info.plist */ = {isa = PBXFileReference; lastKnownFileType = text.plist.xml; path = Info.plist; sourceTree = "<group>"; };
		57F237D321C1EE0100858C47 /* main.m */ = {isa = PBXFileReference; lastKnownFileType = sourcecode.c.objc; path = main.m; sourceTree = "<group>"; };
/* End PBXFileReference section */

/* Begin PBXFrameworksBuildPhase section */
		57F237BE21C1EDFE00858C47 /* Frameworks */ = {
			isa = PBXFrameworksBuildPhase;
			buildActionMask = 2147483647;
			files = (
			);
			runOnlyForDeploymentPostprocessing = 0;
		};
/* End PBXFrameworksBuildPhase section */

/* Begin PBXGroup section */
		57F237B821C1EDFE00858C47 = {
			isa = PBXGroup;
			children = (
				57F237C321C1EDFF00858C47 /* H5App */,
				57F237C221C1EDFF00858C47 /* Products */,
			);
			sourceTree = "<group>";
		};
		57F237C221C1EDFF00858C47 /* Products */ = {
			isa = PBXGroup;
			children = (
				57F237C121C1EDFF00858C47 /* H5App.app */,
			);
			name = Products;
			sourceTree = "<group>";
		};
		57F237C321C1EDFF00858C47 /* H5App */ = {
			isa = PBXGroup;
			children = (
				57F237C421C1EDFF00858C47 /* AppDelegate.h */,
				57F237C521C1EDFF00858C47 /* AppDelegate.m */,
				57F237C721C1EDFF00858C47 /* ViewController.h */,
				57F237C821C1EDFF00858C47 /* ViewController.m */,
				57F237CA21C1EDFF00858C47 /* Main.storyboard */,
				57F237CD21C1EE0100858C47 /* Assets.xcassets */,
				57F237CF21C1EE0100858C47 /* LaunchScreen.storyboard */,
				57F237D221C1EE0100858C47 /* Info.plist */,
				57F237D321C1EE0100858C47 /* main.m */,
			);
			path = H5App;
			sourceTree = "<group>";
		};
/* End PBXGroup section */

/* Begin PBXNativeTarget section */
		57F237C021C1EDFE00858C47 /* H5App */ = {
			isa = PBXNativeTarget;
			buildConfigurationList = 57F237D721C1EE0100858C47 /* Build configuration list for PBXNativeTarget "H5App" */;
			buildPhases = (
				57F237BD21C1EDFE00858C47 /* Sources */,
				57F237BE21C1EDFE00858C47 /* Frameworks */,
				57F237BF21C1EDFE00858C47 /* Resources */,
			);
			buildRules = (
			);
			dependencies = (
			);
			name = H5App;
			productName = H5App;
			productReference = 57F237C121C1EDFF00858C47 /* H5App.app */;
			productType = "com.apple.product-type.application";
		};
/* End PBXNativeTarget section */

/* Begin PBXProject section */
		57F237B921C1EDFE00858C47 /* Project object */ = {
			isa = PBXProject;
			attributes = {
				LastUpgradeCheck = 1010;
				ORGANIZATIONNAME = Blavtes;
				TargetAttributes = {
					57F237C021C1EDFE00858C47 = {
						CreatedOnToolsVersion = 10.1;
					};
				};
			};
			buildConfigurationList = 57F237BC21C1EDFE00858C47 /* Build configuration list for PBXProject "H5App" */;
			compatibilityVersion = "Xcode 9.3";
			developmentRegion = en;
			hasScannedForEncodings = 0;
			knownRegions = (
				en,
				Base,
			);
			mainGroup = 57F237B821C1EDFE00858C47;
			productRefGroup = 57F237C221C1EDFF00858C47 /* Products */;
			projectDirPath = "";
			projectRoot = "";
			targets = (
				57F237C021C1EDFE00858C47 /* H5App */,
			);
		};
/* End PBXProject section */

/* Begin PBXResourcesBuildPhase section */
		57F237BF21C1EDFE00858C47 /* Resources */ = {
			isa = PBXResourcesBuildPhase;
			buildActionMask = 2147483647;
			files = (
				57F237D121C1EE0100858C47 /* LaunchScreen.storyboard in Resources */,
				57F237CE21C1EE0100858C47 /* Assets.xcassets in Resources */,
				57F237CC21C1EDFF00858C47 /* Main.storyboard in Resources */,
			);
			runOnlyForDeploymentPostprocessing = 0;
		};
/* End PBXResourcesBuildPhase section */

/* Begin PBXSourcesBuildPhase section */
		57F237BD21C1EDFE00858C47 /* Sources */ = {
			isa = PBXSourcesBuildPhase;
			buildActionMask = 2147483647;
			files = (
				57F237C921C1EDFF00858C47 /* ViewController.m in Sources */,
				57F237D421C1EE0100858C47 /* main.m in Sources */,
				57F237C621C1EDFF00858C47 /* AppDelegate.m in Sources */,
			);
			runOnlyForDeploymentPostprocessing = 0;
		};
/* End PBXSourcesBuildPhase section */

/* Begin PBXVariantGroup section */
		57F237CA21C1EDFF00858C47 /* Main.storyboard */ = {
			isa = PBXVariantGroup;
			children = (
				57F237CB21C1EDFF00858C47 /* Base */,
			);
			name = Main.storyboard;
			sourceTree = "<group>";
		};
		57F237CF21C1EE0100858C47 /* LaunchScreen.storyboard */ = {
			isa = PBXVariantGroup;
			children = (
				57F237D021C1EE0100858C47 /* Base */,
			);
			name = LaunchScreen.storyboard;
			sourceTree = "<group>";
		};
/* End PBXVariantGroup section */

/* Begin XCBuildConfiguration section */
		57F237D521C1EE0100858C47 /* Debug */ = {
			isa = XCBuildConfiguration;
			buildSettings = {
				ALWAYS_SEARCH_USER_PATHS = NO;
				CLANG_ANALYZER_NONNULL = YES;
				CLANG_ANALYZER_NUMBER_OBJECT_CONVERSION = YES_AGGRESSIVE;
				CLANG_CXX_LANGUAGE_STANDARD = "gnu++14";
				CLANG_CXX_LIBRARY = "libc++";
				CLANG_ENABLE_MODULES = YES;
				CLANG_ENABLE_OBJC_ARC = YES;
				CLANG_ENABLE_OBJC_WEAK = YES;
				CLANG_WARN_BLOCK_CAPTURE_AUTORELEASING = YES;
				CLANG_WARN_BOOL_CONVERSION = YES;
				CLANG_WARN_COMMA = YES;
				CLANG_WARN_CONSTANT_CONVERSION = YES;
				CLANG_WARN_DEPRECATED_OBJC_IMPLEMENTATIONS = YES;
				CLANG_WARN_DIRECT_OBJC_ISA_USAGE = YES_ERROR;
				CLANG_WARN_DOCUMENTATION_COMMENTS = YES;
				CLANG_WARN_EMPTY_BODY = YES;
				CLANG_WARN_ENUM_CONVERSION = YES;
				CLANG_WARN_INFINITE_RECURSION = YES;
				CLANG_WARN_INT_CONVERSION = YES;
				CLANG_WARN_NON_LITERAL_NULL_CONVERSION = YES;
				CLANG_WARN_OBJC_IMPLICIT_RETAIN_SELF = YES;
				CLANG_WARN_OBJC_LITERAL_CONVERSION = YES;
				CLANG_WARN_OBJC_ROOT_CLASS = YES_ERROR;
				CLANG_WARN_RANGE_LOOP_ANALYSIS = YES;
				CLANG_WARN_STRICT_PROTOTYPES = YES;
				CLANG_WARN_SUSPICIOUS_MOVE = YES;
				CLANG_WARN_UNGUARDED_AVAILABILITY = YES_AGGRESSIVE;
				CLANG_WARN_UNREACHABLE_CODE = YES;
				CLANG_WARN__DUPLICATE_METHOD_MATCH = YES;
				CODE_SIGN_IDENTITY = "iPhone Developer";
				COPY_PHASE_STRIP = NO;
				DEBUG_INFORMATION_FORMAT = dwarf;
				ENABLE_STRICT_OBJC_MSGSEND = YES;
				ENABLE_TESTABILITY = YES;
				GCC_C_LANGUAGE_STANDARD = gnu11;
				GCC_DYNAMIC_NO_PIC = NO;
				GCC_NO_COMMON_BLOCKS = YES;
				GCC_OPTIMIZATION_LEVEL = 0;
				GCC_PREPROCESSOR_DEFINITIONS = (
					"DEBUG=1",
					"$(inherited)",
				);
				GCC_WARN_64_TO_32_BIT_CONVERSION = YES;
				GCC_WARN_ABOUT_RETURN_TYPE = YES_ERROR;
				GCC_WARN_UNDECLARED_SELECTOR = YES;
				GCC_WARN_UNINITIALIZED_AUTOS = YES_AGGRESSIVE;
				GCC_WARN_UNUSED_FUNCTION = YES;
				GCC_WARN_UNUSED_VARIABLE = YES;
				IPHONEOS_DEPLOYMENT_TARGET = 12.1;
				MTL_ENABLE_DEBUG_INFO = INCLUDE_SOURCE;
				MTL_FAST_MATH = YES;
				ONLY_ACTIVE_ARCH = YES;
				SDKROOT = iphoneos;
			};
			name = Debug;
		};
		57F237D621C1EE0100858C47 /* Release */ = {
			isa = XCBuildConfiguration;
			buildSettings = {
				ALWAYS_SEARCH_USER_PATHS = NO;
				CLANG_ANALYZER_NONNULL = YES;
				CLANG_ANALYZER_NUMBER_OBJECT_CONVERSION = YES_AGGRESSIVE;
				CLANG_CXX_LANGUAGE_STANDARD = "gnu++14";
				CLANG_CXX_LIBRARY = "libc++";
				CLANG_ENABLE_MODULES = YES;
				CLANG_ENABLE_OBJC_ARC = YES;
				CLANG_ENABLE_OBJC_WEAK = YES;
				CLANG_WARN_BLOCK_CAPTURE_AUTORELEASING = YES;
				CLANG_WARN_BOOL_CONVERSION = YES;
				CLANG_WARN_COMMA = YES;
				CLANG_WARN_CONSTANT_CONVERSION = YES;
				CLANG_WARN_DEPRECATED_OBJC_IMPLEMENTATIONS = YES;
				CLANG_WARN_DIRECT_OBJC_ISA_USAGE = YES_ERROR;
				CLANG_WARN_DOCUMENTATION_COMMENTS = YES;
				CLANG_WARN_EMPTY_BODY = YES;
				CLANG_WARN_ENUM_CONVERSION = YES;
				CLANG_WARN_INFINITE_RECURSION = YES;
				CLANG_WARN_INT_CONVERSION = YES;
				CLANG_WARN_NON_LITERAL_NULL_CONVERSION = YES;
				CLANG_WARN_OBJC_IMPLICIT_RETAIN_SELF = YES;
				CLANG_WARN_OBJC_LITERAL_CONVERSION = YES;
				CLANG_WARN_OBJC_ROOT_CLASS = YES_ERROR;
				CLANG_WARN_RANGE_LOOP_ANALYSIS = YES;
				CLANG_WARN_STRICT_PROTOTYPES = YES;
				CLANG_WARN_SUSPICIOUS_MOVE = YES;
				CLANG_WARN_UNGUARDED_AVAILABILITY = YES_AGGRESSIVE;
				CLANG_WARN_UNREACHABLE_CODE = YES;
				CLANG_WARN__DUPLICATE_METHOD_MATCH = YES;
				CODE_SIGN_IDENTITY = "iPhone Developer";
				COPY_PHASE_STRIP = NO;
				DEBUG_INFORMATION_FORMAT = "dwarf-with-dsym";
				ENABLE_NS_ASSERTIONS = NO;
				ENABLE_STRICT_OBJC_MSGSEND = YES;
				GCC_C_LANGUAGE_STANDARD = gnu11;
				GCC_NO_COMMON_BLOCKS = YES;
				GCC_WARN_64_TO_32_BIT_CONVERSION = YES;
				GCC_WARN_ABOUT_RETURN_TYPE = YES_ERROR;
				GCC_WARN_UNDECLARED_SELECTOR = YES;
				GCC_WARN_UNINITIALIZED_AUTOS = YES_AGGRESSIVE;
				GCC_WARN_UNUSED_FUNCTION = YES;
				GCC_WARN_UNUSED_VARIABLE = YES;
				IPHONEOS_DEPLOYMENT_TARGET = 12.1;
				MTL_ENABLE_DEBUG_INFO = NO;
				MTL_FAST_MATH = YES;
				SDKROOT = iphoneos;
				VALIDATE_PRODUCT = YES;
			};
			name = Release;
		};
		57F237D821C1EE0100858C47 /* Debug */ = {
			isa = XCBuildConfiguration;
			buildSettings = {
				ASSETCATALOG_COMPILER_APPICON_NAME = AppIcon;
				CODE_SIGN_STYLE = Automatic;
				INFOPLIST_FILE = H5App/Info.plist;
				LD_RUNPATH_SEARCH_PATHS = (
					"$(inherited)",
					"@executable_path/Frameworks",
				);
				PRODUCT_BUNDLE_IDENTIFIER = com.yy.H5App;
				PRODUCT_NAME = "$(TARGET_NAME)";
				TARGETED_DEVICE_FAMILY = "1,2";
			};
			name = Debug;
		};
		57F237D921C1EE0100858C47 /* Release */ = {
			isa = XCBuildConfiguration;
			buildSettings = {
				ASSETCATALOG_COMPILER_APPICON_NAME = AppIcon;
				CODE_SIGN_STYLE = Automatic;
				INFOPLIST_FILE = H5App/Info.plist;
				LD_RUNPATH_SEARCH_PATHS = (
					"$(inherited)",
					"@executable_path/Frameworks",
				);
				PRODUCT_BUNDLE_IDENTIFIER = com.yy.H5App;
				PRODUCT_NAME = "$(TARGET_NAME)";
				TARGETED_DEVICE_FAMILY = "1,2";
			};
			name = Release;
		};
/* End XCBuildConfiguration section */

/* Begin XCConfigurationList section */
		57F237BC21C1EDFE00858C47 /* Build configuration list for PBXProject "H5App" */ = {
			isa = XCConfigurationList;
			buildConfigurations = (
				57F237D521C1EE0100858C47 /* Debug */,
				57F237D621C1EE0100858C47 /* Release */,
			);
			defaultConfigurationIsVisible = 0;
			defaultConfigurationName = Release;
		};
		57F237D721C1EE0100858C47 /* Build configuration list for PBXNativeTarget "H5App" */ = {
			isa = XCConfigurationList;
			buildConfigurations = (
				57F237D821C1EE0100858C47 /* Debug */,
				57F237D921C1EE0100858C47 /* Release */,
			);
			defaultConfigurationIsVisible = 0;
			defaultConfigurationName = Release;
		};
/* End XCConfigurationList section */
	};
	rootObject = 57F237B921C1EDFE00858C47 /* Project object */;
}
